<?xml version="1.0" encoding="utf-8"?>
<Project ToolsVersion="4.0" xmlns="http://schemas.microsoft.com/developer/msbuild/2003">
  <ItemGroup>
    <Filter Include="Source Files">
      <UniqueIdentifier>{4FC737F1-C7A5-4376-A066-2A32D752A2FF}</UniqueIdentifier>
      <Extensions>cpp;c;cc;cxx;c++;cppm;ixx;def;odl;idl;hpj;bat;asm;asmx</Extensions>
    </Filter>
    <Filter Include="Header Files">
      <UniqueIdentifier>{93995380-89BD-4b04-88EB-625FBE52EBFB}</UniqueIdentifier>
      <Extensions>h;hh;hpp;hxx;h++;hm;inl;inc;ipp;xsd</Extensions>
    </Filter>
    <Filter Include="Resource Files">
      <UniqueIdentifier>{67DA6AB6-F800-4c08-8B7A-83BB121AAD01}</UniqueIdentifier>
      <Extensions>rc;ico;cur;bmp;dlg;rc2;rct;bin;rgs;gif;jpg;jpeg;jpe;resx;tiff;tif;png;wav;mfcribbon-ms</Extensions>
    </Filter>
  </ItemGroup>
  <ItemGroup>
    <ClInclude Include="include\framework.h">
      <Filter>Header Files</Filter>
    </ClInclude>
    <ClInclude Include="include\Exchange.h">
      <Filter>Header Files</Filter>
    </ClInclude>
    <ClInclude Include="include\Hydra.h">
      <Filter>Header Files</Filter>
    </ClInclude>
    <ClInclude Include="include\AgisErrors.h">
      <Filter>Header Files</Filter>
    </ClInclude>
    <ClInclude Include="include\Utils.h">
      <Filter>Header Files</Filter>
    </ClInclude>
    <ClInclude Include="include\pch.h">
      <Filter>Header Files</Filter>
    </ClInclude>
    <ClInclude Include="include\utils_array.h">
      <Filter>Header Files</Filter>
    </ClInclude>
    <ClInclude Include="include\Order.h">
      <Filter>Header Files</Filter>
    </ClInclude>
    <ClInclude Include="include\utils_gmp.h">
      <Filter>Header Files</Filter>
    </ClInclude>
    <ClInclude Include="include\AgisPointers.h">
      <Filter>Header Files</Filter>
    </ClInclude>
    <ClInclude Include="include\AgisRouter.h">
      <Filter>Header Files</Filter>
    </ClInclude>
    <ClInclude Include="include\Portfolio.h">
      <Filter>Header Files</Filter>
    </ClInclude>
    <ClInclude Include="include\AgisStrategy.h">
      <Filter>Header Files</Filter>
    </ClInclude>
    <ClInclude Include="include\Trade.h">
      <Filter>Header Files</Filter>
    </ClInclude>
    <ClInclude Include="include\AgisStrategyRegistry.h">
      <Filter>Header Files</Filter>
    </ClInclude>
    <ClInclude Include="include\AgisRisk.h">
      <Filter>Header Files</Filter>
    </ClInclude>
    <ClInclude Include="include\ExchangeView.h">
      <Filter>Header Files</Filter>
    </ClInclude>
    <ClInclude Include="include\AgisAnalysis.h">
      <Filter>Header Files</Filter>
    </ClInclude>
    <ClInclude Include="include\AgisOverloads.h">
      <Filter>Header Files</Filter>
    </ClInclude>
    <ClInclude Include="include\AgisFunctional.h">
      <Filter>Header Files</Filter>
    </ClInclude>
    <ClInclude Include="include\AbstractAgisStrategy.h">
      <Filter>Header Files</Filter>
    </ClInclude>
    <ClInclude Include="include\AgisStrategyTracers.h">
      <Filter>Header Files</Filter>
    </ClInclude>
    <ClInclude Include="include\AbstractStrategyTree.h">
      <Filter>Header Files</Filter>
    </ClInclude>
    <ClInclude Include="include\AgisLuaStrategy.h">
      <Filter>Header Files</Filter>
    </ClInclude>
    <ClInclude Include="include\AgisException.h">
      <Filter>Header Files</Filter>
    </ClInclude>
    <ClInclude Include="include\AgisEnums.h">
      <Filter>Header Files</Filter>
    </ClInclude>
  </ItemGroup>
  <ItemGroup>
    <ClCompile Include="src\dllmain.cpp">
      <Filter>Source Files</Filter>
    </ClCompile>
    <ClCompile Include="src\pch.cpp">
      <Filter>Source Files</Filter>
    </ClCompile>
    <ClCompile Include="src\Exchange.cpp">
      <Filter>Source Files</Filter>
    </ClCompile>
    <ClCompile Include="src\Hydra.cpp">
      <Filter>Source Files</Filter>
    </ClCompile>
    <ClCompile Include="src\Utils.cpp">
      <Filter>Source Files</Filter>
    </ClCompile>
    <ClCompile Include="src\Order.cpp">
      <Filter>Source Files</Filter>
    </ClCompile>
    <ClCompile Include="src\Portfolio.cpp">
      <Filter>Source Files</Filter>
    </ClCompile>
    <ClCompile Include="src\AgisStrategy.cpp">
      <Filter>Source Files</Filter>
    </ClCompile>
    <ClCompile Include="src\Trade.cpp">
      <Filter>Source Files</Filter>
    </ClCompile>
    <ClCompile Include="src\AgisRouter.cpp">
      <Filter>Source Files</Filter>
    </ClCompile>
    <ClCompile Include="src\AgisRisk.cpp">
      <Filter>Source Files</Filter>
    </ClCompile>
    <ClCompile Include="src\ExchangeView.cpp">
      <Filter>Source Files</Filter>
    </ClCompile>
    <ClCompile Include="src\AgisAnalysis.cpp">
      <Filter>Source Files</Filter>
    </ClCompile>
    <ClCompile Include="src\AgisFunctional.cpp">
      <Filter>Source Files</Filter>
    </ClCompile>
    <ClCompile Include="src\AbstractAgisStrategy.cpp">
      <Filter>Source Files</Filter>
    </ClCompile>
    <ClCompile Include="src\AgisStrategyTracers.cpp">
      <Filter>Source Files</Filter>
    </ClCompile>
    <ClCompile Include="src\AgisLuaStrategy.cpp">
      <Filter>Source Files</Filter>
    </ClCompile>
    <ClCompile Include="src\AbstractStrategyTree.cpp">
      <Filter>Source Files</Filter>
    </ClCompile>
    <ClCompile Include="modules\broker\Broker.ixx">
      <Filter>Source Files</Filter>
    </ClCompile>
    <ClCompile Include="modules\broker\Broker.Base.ixx">
      <Filter>Source Files</Filter>
    </ClCompile>
    <ClCompile Include="modules\broker\Broker.Base.cpp">
      <Filter>Source Files</Filter>
    </ClCompile>
    <ClCompile Include="modules\asset\Asset.ixx">
      <Filter>Source Files</Filter>
    </ClCompile>
    <ClCompile Include="modules\asset\Asset.Base.ixx">
      <Filter>Source Files</Filter>
    </ClCompile>
    <ClCompile Include="modules\asset\Asset.Base.cpp">
      <Filter>Source Files</Filter>
    </ClCompile>
    <ClCompile Include="modules\asset\Asset.Observer.ixx">
      <Filter>Source Files</Filter>
    </ClCompile>
    <ClCompile Include="modules\asset\Asset.Observer.cpp">
      <Filter>Source Files</Filter>
    </ClCompile>
    <ClCompile Include="modules\asset\Asset.Core.ixx">
      <Filter>Source Files</Filter>
    </ClCompile>
  </ItemGroup>
</Project>